// !$*UTF8*$!
{
	archiveVersion = 1;
	classes = {
	};
	objectVersion = 46;
	objects = {

/* Begin PBXBuildFile section */
		44F060611CED6113004EA16D /* main.m in Sources */ = {isa = PBXBuildFile; fileRef = 44F060601CED6113004EA16D /* main.m */; };
		44F060641CED6113004EA16D /* AppDelegate.m in Sources */ = {isa = PBXBuildFile; fileRef = 44F060631CED6113004EA16D /* AppDelegate.m */; };
		44F060671CED6113004EA16D /* ViewController.m in Sources */ = {isa = PBXBuildFile; fileRef = 44F060661CED6113004EA16D /* ViewController.m */; };
		44F0606A1CED6113004EA16D /* Main.storyboard in Resources */ = {isa = PBXBuildFile; fileRef = 44F060681CED6113004EA16D /* Main.storyboard */; };
		44F0606C1CED6113004EA16D /* Assets.xcassets in Resources */ = {isa = PBXBuildFile; fileRef = 44F0606B1CED6113004EA16D /* Assets.xcassets */; };
		44F0606F1CED6113004EA16D /* LaunchScreen.storyboard in Resources */ = {isa = PBXBuildFile; fileRef = 44F0606D1CED6113004EA16D /* LaunchScreen.storyboard */; };
		44F0607A1CED6113004EA16D /* SZScreencapTests.m in Sources */ = {isa = PBXBuildFile; fileRef = 44F060791CED6113004EA16D /* SZScreencapTests.m */; };
		44F060851CED6113004EA16D /* SZScreencapUITests.m in Sources */ = {isa = PBXBuildFile; fileRef = 44F060841CED6113004EA16D /* SZScreencapUITests.m */; };
/* End PBXBuildFile section */

/* Begin PBXContainerItemProxy section */
		44F060761CED6113004EA16D /* PBXContainerItemProxy */ = {
			isa = PBXContainerItemProxy;
			containerPortal = 44F060541CED6113004EA16D /* Project object */;
			proxyType = 1;
			remoteGlobalIDString = 44F0605B1CED6113004EA16D;
			remoteInfo = SZScreencap;
		};
		44F060811CED6113004EA16D /* PBXContainerItemProxy */ = {
			isa = PBXContainerItemProxy;
			containerPortal = 44F060541CED6113004EA16D /* Project object */;
			proxyType = 1;
			remoteGlobalIDString = 44F0605B1CED6113004EA16D;
			remoteInfo = SZScreencap;
		};
/* End PBXContainerItemProxy section */

/* Begin PBXFileReference section */
		44F0605C1CED6113004EA16D /* SZScreencap.app */ = {isa = PBXFileReference; explicitFileType = wrapper.application; includeInIndex = 0; path = SZScreencap.app; sourceTree = BUILT_PRODUCTS_DIR; };
		44F060601CED6113004EA16D /* main.m */ = {isa = PBXFileReference; lastKnownFileType = sourcecode.c.objc; path = main.m; sourceTree = "<group>"; };
		44F060621CED6113004EA16D /* AppDelegate.h */ = {isa = PBXFileReference; lastKnownFileType = sourcecode.c.h; path = AppDelegate.h; sourceTree = "<group>"; };
		44F060631CED6113004EA16D /* AppDelegate.m */ = {isa = PBXFileReference; lastKnownFileType = sourcecode.c.objc; path = AppDelegate.m; sourceTree = "<group>"; };
		44F060651CED6113004EA16D /* ViewController.h */ = {isa = PBXFileReference; lastKnownFileType = sourcecode.c.h; path = ViewController.h; sourceTree = "<group>"; };
		44F060661CED6113004EA16D /* ViewController.m */ = {isa = PBXFileReference; lastKnownFileType = sourcecode.c.objc; path = ViewController.m; sourceTree = "<group>"; };
		44F060691CED6113004EA16D /* Base */ = {isa = PBXFileReference; lastKnownFileType = file.storyboard; name = Base; path = Base.lproj/Main.storyboard; sourceTree = "<group>"; };
		44F0606B1CED6113004EA16D /* Assets.xcassets */ = {isa = PBXFileReference; lastKnownFileType = folder.assetcatalog; path = Assets.xcassets; sourceTree = "<group>"; };
		44F0606E1CED6113004EA16D /* Base */ = {isa = PBXFileReference; lastKnownFileType = file.storyboard; name = Base; path = Base.lproj/LaunchScreen.storyboard; sourceTree = "<group>"; };
		44F060701CED6113004EA16D /* Info.plist */ = {isa = PBXFileReference; lastKnownFileType = text.plist.xml; path = Info.plist; sourceTree = "<group>"; };
		44F060751CED6113004EA16D /* SZScreencapTests.xctest */ = {isa = PBXFileReference; explicitFileType = wrapper.cfbundle; includeInIndex = 0; path = SZScreencapTests.xctest; sourceTree = BUILT_PRODUCTS_DIR; };
		44F060791CED6113004EA16D /* SZScreencapTests.m */ = {isa = PBXFileReference; lastKnownFileType = sourcecode.c.objc; path = SZScreencapTests.m; sourceTree = "<group>"; };
		44F0607B1CED6113004EA16D /* Info.plist */ = {isa = PBXFileReference; lastKnownFileType = text.plist.xml; path = Info.plist; sourceTree = "<group>"; };
		44F060801CED6113004EA16D /* SZScreencapUITests.xctest */ = {isa = PBXFileReference; explicitFileType = wrapper.cfbundle; includeInIndex = 0; path = SZScreencapUITests.xctest; sourceTree = BUILT_PRODUCTS_DIR; };
		44F060841CED6113004EA16D /* SZScreencapUITests.m */ = {isa = PBXFileReference; lastKnownFileType = sourcecode.c.objc; path = SZScreencapUITests.m; sourceTree = "<group>"; };
		44F060861CED6113004EA16D /* Info.plist */ = {isa = PBXFileReference; lastKnownFileType = text.plist.xml; path = Info.plist; sourceTree = "<group>"; };
/* End PBXFileReference section */

/* Begin PBXFrameworksBuildPhase section */
		44F060591CED6113004EA16D /* Frameworks */ = {
			isa = PBXFrameworksBuildPhase;
			buildActionMask = 2147483647;
			files = (
			);
			runOnlyForDeploymentPostprocessing = 0;
		};
		44F060721CED6113004EA16D /* Frameworks */ = {
			isa = PBXFrameworksBuildPhase;
			buildActionMask = 2147483647;
			files = (
			);
			runOnlyForDeploymentPostprocessing = 0;
		};
		44F0607D1CED6113004EA16D /* Frameworks */ = {
			isa = PBXFrameworksBuildPhase;
			buildActionMask = 2147483647;
			files = (
			);
			runOnlyForDeploymentPostprocessing = 0;
		};
/* End PBXFrameworksBuildPhase section */

/* Begin PBXGroup section */
		44F060531CED6113004EA16D = {
			isa = PBXGroup;
			children = (
				44F0605E1CED6113004EA16D /* SZScreencap */,
				44F060781CED6113004EA16D /* SZScreencapTests */,
				44F060831CED6113004EA16D /* SZScreencapUITests */,
				44F0605D1CED6113004EA16D /* Products */,
			);
			sourceTree = "<group>";
		};
		44F0605D1CED6113004EA16D /* Products */ = {
			isa = PBXGroup;
			children = (
				44F0605C1CED6113004EA16D /* SZScreencap.app */,
				44F060751CED6113004EA16D /* SZScreencapTests.xctest */,
				44F060801CED6113004EA16D /* SZScreencapUITests.xctest */,
			);
			name = Products;
			sourceTree = "<group>";
		};
		44F0605E1CED6113004EA16D /* SZScreencap */ = {
			isa = PBXGroup;
			children = (
				44F060621CED6113004EA16D /* AppDelegate.h */,
				44F060631CED6113004EA16D /* AppDelegate.m */,
				44F060651CED6113004EA16D /* ViewController.h */,
				44F060661CED6113004EA16D /* ViewController.m */,
				44F060681CED6113004EA16D /* Main.storyboard */,
				44F0606B1CED6113004EA16D /* Assets.xcassets */,
				44F0606D1CED6113004EA16D /* LaunchScreen.storyboard */,
				44F060701CED6113004EA16D /* Info.plist */,
				44F0605F1CED6113004EA16D /* Supporting Files */,
			);
			path = SZScreencap;
			sourceTree = "<group>";
		};
		44F0605F1CED6113004EA16D /* Supporting Files */ = {
			isa = PBXGroup;
			children = (
				44F060601CED6113004EA16D /* main.m */,
			);
			name = "Supporting Files";
			sourceTree = "<group>";
		};
		44F060781CED6113004EA16D /* SZScreencapTests */ = {
			isa = PBXGroup;
			children = (
				44F060791CED6113004EA16D /* SZScreencapTests.m */,
				44F0607B1CED6113004EA16D /* Info.plist */,
			);
			path = SZScreencapTests;
			sourceTree = "<group>";
		};
		44F060831CED6113004EA16D /* SZScreencapUITests */ = {
			isa = PBXGroup;
			children = (
				44F060841CED6113004EA16D /* SZScreencapUITests.m */,
				44F060861CED6113004EA16D /* Info.plist */,
			);
			path = SZScreencapUITests;
			sourceTree = "<group>";
		};
/* End PBXGroup section */

/* Begin PBXNativeTarget section */
		44F0605B1CED6113004EA16D /* SZScreencap */ = {
			isa = PBXNativeTarget;
			buildConfigurationList = 44F060891CED6113004EA16D /* Build configuration list for PBXNativeTarget "SZScreencap" */;
			buildPhases = (
				44F060581CED6113004EA16D /* Sources */,
				44F060591CED6113004EA16D /* Frameworks */,
				44F0605A1CED6113004EA16D /* Resources */,
			);
			buildRules = (
			);
			dependencies = (
			);
			name = SZScreencap;
			productName = SZScreencap;
			productReference = 44F0605C1CED6113004EA16D /* SZScreencap.app */;
			productType = "com.apple.product-type.application";
		};
		44F060741CED6113004EA16D /* SZScreencapTests */ = {
			isa = PBXNativeTarget;
			buildConfigurationList = 44F0608C1CED6113004EA16D /* Build configuration list for PBXNativeTarget "SZScreencapTests" */;
			buildPhases = (
				44F060711CED6113004EA16D /* Sources */,
				44F060721CED6113004EA16D /* Frameworks */,
				44F060731CED6113004EA16D /* Resources */,
			);
			buildRules = (
			);
			dependencies = (
				44F060771CED6113004EA16D /* PBXTargetDependency */,
			);
			name = SZScreencapTests;
			productName = SZScreencapTests;
			productReference = 44F060751CED6113004EA16D /* SZScreencapTests.xctest */;
			productType = "com.apple.product-type.bundle.unit-test";
		};
		44F0607F1CED6113004EA16D /* SZScreencapUITests */ = {
			isa = PBXNativeTarget;
			buildConfigurationList = 44F0608F1CED6113004EA16D /* Build configuration list for PBXNativeTarget "SZScreencapUITests" */;
			buildPhases = (
				44F0607C1CED6113004EA16D /* Sources */,
				44F0607D1CED6113004EA16D /* Frameworks */,
				44F0607E1CED6113004EA16D /* Resources */,
			);
			buildRules = (
			);
			dependencies = (
				44F060821CED6113004EA16D /* PBXTargetDependency */,
			);
			name = SZScreencapUITests;
			productName = SZScreencapUITests;
			productReference = 44F060801CED6113004EA16D /* SZScreencapUITests.xctest */;
			productType = "com.apple.product-type.bundle.ui-testing";
		};
/* End PBXNativeTarget section */

/* Begin PBXProject section */
		44F060541CED6113004EA16D /* Project object */ = {
			isa = PBXProject;
			attributes = {
				LastUpgradeCheck = 0730;
				ORGANIZATIONNAME = MapABCios;
				TargetAttributes = {
					44F0605B1CED6113004EA16D = {
						CreatedOnToolsVersion = 7.3.1;
						DevelopmentTeam = 72VN8TFNZP;
					};
					44F060741CED6113004EA16D = {
						CreatedOnToolsVersion = 7.3.1;
						DevelopmentTeam = 72VN8TFNZP;
						TestTargetID = 44F0605B1CED6113004EA16D;
					};
					44F0607F1CED6113004EA16D = {
						CreatedOnToolsVersion = 7.3.1;
						DevelopmentTeam = 72VN8TFNZP;
						TestTargetID = 44F0605B1CED6113004EA16D;
					};
				};
			};
			buildConfigurationList = 44F060571CED6113004EA16D /* Build configuration list for PBXProject "SZScreencap" */;
			compatibilityVersion = "Xcode 3.2";
			developmentRegion = English;
			hasScannedForEncodings = 0;
			knownRegions = (
				en,
				Base,
			);
			mainGroup = 44F060531CED6113004EA16D;
			productRefGroup = 44F0605D1CED6113004EA16D /* Products */;
			projectDirPath = "";
			projectRoot = "";
			targets = (
				44F0605B1CED6113004EA16D /* SZScreencap */,
				44F060741CED6113004EA16D /* SZScreencapTests */,
				44F0607F1CED6113004EA16D /* SZScreencapUITests */,
			);
		};
/* End PBXProject section */

/* Begin PBXResourcesBuildPhase section */
		44F0605A1CED6113004EA16D /* Resources */ = {
			isa = PBXResourcesBuildPhase;
			buildActionMask = 2147483647;
			files = (
				44F0606F1CED6113004EA16D /* LaunchScreen.storyboard in Resources */,
				44F0606C1CED6113004EA16D /* Assets.xcassets in Resources */,
				44F0606A1CED6113004EA16D /* Main.storyboard in Resources */,
			);
			runOnlyForDeploymentPostprocessing = 0;
		};
		44F060731CED6113004EA16D /* Resources */ = {
			isa = PBXResourcesBuildPhase;
			buildActionMask = 2147483647;
			files = (
			);
			runOnlyForDeploymentPostprocessing = 0;
		};
		44F0607E1CED6113004EA16D /* Resources */ = {
			isa = PBXResourcesBuildPhase;
			buildActionMask = 2147483647;
			files = (
			);
			runOnlyForDeploymentPostprocessing = 0;
		};
/* End PBXResourcesBuildPhase section */

/* Begin PBXSourcesBuildPhase section */
		44F060581CED6113004EA16D /* Sources */ = {
			isa = PBXSourcesBuildPhase;
			buildActionMask = 2147483647;
			files = (
				44F060671CED6113004EA16D /* ViewController.m in Sources */,
				44F060641CED6113004EA16D /* AppDelegate.m in Sources */,
				44F060611CED6113004EA16D /* main.m in Sources */,
			);
			runOnlyForDeploymentPostprocessing = 0;
		};
		44F060711CED6113004EA16D /* Sources */ = {
			isa = PBXSourcesBuildPhase;
			buildActionMask = 2147483647;
			files = (
				44F0607A1CED6113004EA16D /* SZScreencapTests.m in Sources */,
			);
			runOnlyForDeploymentPostprocessing = 0;
		};
		44F0607C1CED6113004EA16D /* Sources */ = {
			isa = PBXSourcesBuildPhase;
			buildActionMask = 2147483647;
			files = (
				44F060851CED6113004EA16D /* SZScreencapUITests.m in Sources */,
			);
			runOnlyForDeploymentPostprocessing = 0;
		};
/* End PBXSourcesBuildPhase section */

/* Begin PBXTargetDependency section */
		44F060771CED6113004EA16D /* PBXTargetDependency */ = {
			isa = PBXTargetDependency;
			target = 44F0605B1CED6113004EA16D /* SZScreencap */;
			targetProxy = 44F060761CED6113004EA16D /* PBXContainerItemProxy */;
		};
		44F060821CED6113004EA16D /* PBXTargetDependency */ = {
			isa = PBXTargetDependency;
			target = 44F0605B1CED6113004EA16D /* SZScreencap */;
			targetProxy = 44F060811CED6113004EA16D /* PBXContainerItemProxy */;
		};
/* End PBXTargetDependency section */

/* Begin PBXVariantGroup section */
		44F060681CED6113004EA16D /* Main.storyboard */ = {
			isa = PBXVariantGroup;
			children = (
				44F060691CED6113004EA16D /* Base */,
			);
			name = Main.storyboard;
			sourceTree = "<group>";
		};
		44F0606D1CED6113004EA16D /* LaunchScreen.storyboard */ = {
			isa = PBXVariantGroup;
			children = (
				44F0606E1CED6113004EA16D /* Base */,
			);
			name = LaunchScreen.storyboard;
			sourceTree = "<group>";
		};
/* End PBXVariantGroup section */

/* Begin XCBuildConfiguration section */
		44F060871CED6113004EA16D /* Debug */ = {
			isa = XCBuildConfiguration;
			buildSettings = {
				ALWAYS_SEARCH_USER_PATHS = NO;
				CLANG_ANALYZER_NONNULL = YES;
				CLANG_CXX_LANGUAGE_STANDARD = "gnu++0x";
				CLANG_CXX_LIBRARY = "libc++";
				CLANG_ENABLE_MODULES = YES;
				CLANG_ENABLE_OBJC_ARC = YES;
				CLANG_WARN_BOOL_CONVERSION = YES;
				CLANG_WARN_CONSTANT_CONVERSION = YES;
				CLANG_WARN_DIRECT_OBJC_ISA_USAGE = YES_ERROR;
				CLANG_WARN_EMPTY_BODY = YES;
				CLANG_WARN_ENUM_CONVERSION = YES;
				CLANG_WARN_INT_CONVERSION = YES;
				CLANG_WARN_OBJC_ROOT_CLASS = YES_ERROR;
				CLANG_WARN_UNREACHABLE_CODE = YES;
				CLANG_WARN__DUPLICATE_METHOD_MATCH = YES;
				"CODE_SIGN_IDENTITY[sdk=iphoneos*]" = "iPhone Developer";
				COPY_PHASE_STRIP = NO;
				DEBUG_INFORMATION_FORMAT = dwarf;
				ENABLE_STRICT_OBJC_MSGSEND = YES;
				ENABLE_TESTABILITY = YES;
				GCC_C_LANGUAGE_STANDARD = gnu99;
				GCC_DYNAMIC_NO_PIC = NO;
				GCC_NO_COMMON_BLOCKS = YES;
				GCC_OPTIMIZATION_LEVEL = 0;
				GCC_PREPROCESSOR_DEFINITIONS = (
					"DEBUG=1",
					"$(inherited)",
				);
				GCC_WARN_64_TO_32_BIT_CONVERSION = YES;
				GCC_WARN_ABOUT_RETURN_TYPE = YES_ERROR;
				GCC_WARN_UNDECLARED_SELECTOR = YES;
				GCC_WARN_UNINITIALIZED_AUTOS = YES_AGGRESSIVE;
				GCC_WARN_UNUSED_FUNCTION = YES;
				GCC_WARN_UNUSED_VARIABLE = YES;
				IPHONEOS_DEPLOYMENT_TARGET = 9.3;
				MTL_ENABLE_DEBUG_INFO = YES;
				ONLY_ACTIVE_ARCH = YES;
				SDKROOT = iphoneos;
				TARGETED_DEVICE_FAMILY = "1,2";
			};
			name = Debug;
		};
		44F060881CED6113004EA16D /* Release */ = {
			isa = XCBuildConfiguration;
			buildSettings = {
				ALWAYS_SEARCH_USER_PATHS = NO;
				CLANG_ANALYZER_NONNULL = YES;
				CLANG_CXX_LANGUAGE_STANDARD = "gnu++0x";
				CLANG_CXX_LIBRARY = "libc++";
				CLANG_ENABLE_MODULES = YES;
				CLANG_ENABLE_OBJC_ARC = YES;
				CLANG_WARN_BOOL_CONVERSION = YES;
				CLANG_WARN_CONSTANT_CONVERSION = YES;
				CLANG_WARN_DIRECT_OBJC_ISA_USAGE = YES_ERROR;
				CLANG_WARN_EMPTY_BODY = YES;
				CLANG_WARN_ENUM_CONVERSION = YES;
				CLANG_WARN_INT_CONVERSION = YES;
				CLANG_WARN_OBJC_ROOT_CLASS = YES_ERROR;
				CLANG_WARN_UNREACHABLE_CODE = YES;
				CLANG_WARN__DUPLICATE_METHOD_MATCH = YES;
				"CODE_SIGN_IDENTITY[sdk=iphoneos*]" = "iPhone Developer";
				COPY_PHASE_STRIP = NO;
				DEBUG_INFORMATION_FORMAT = "dwarf-with-dsym";
				ENABLE_NS_ASSERTIONS = NO;
				ENABLE_STRICT_OBJC_MSGSEND = YES;
				GCC_C_LANGUAGE_STANDARD = gnu99;
				GCC_NO_COMMON_BLOCKS = YES;
				GCC_WARN_64_TO_32_BIT_CONVERSION = YES;
				GCC_WARN_ABOUT_RETURN_TYPE = YES_ERROR;
				GCC_WARN_UNDECLARED_SELECTOR = YES;
				GCC_WARN_UNINITIALIZED_AUTOS = YES_AGGRESSIVE;
				GCC_WARN_UNUSED_FUNCTION = YES;
				GCC_WARN_UNUSED_VARIABLE = YES;
				IPHONEOS_DEPLOYMENT_TARGET = 9.3;
				MTL_ENABLE_DEBUG_INFO = NO;
				SDKROOT = iphoneos;
				TARGETED_DEVICE_FAMILY = "1,2";
				VALIDATE_PRODUCT = YES;
			};
			name = Release;
		};
		44F0608A1CED6113004EA16D /* Debug */ = {
			isa = XCBuildConfiguration;
			buildSettings = {
				ASSETCATALOG_COMPILER_APPICON_NAME = AppIcon;
				INFOPLIST_FILE = SZScreencap/Info.plist;
				LD_RUNPATH_SEARCH_PATHS = "$(inherited) @executable_path/Frameworks";
				PRODUCT_BUNDLE_IDENTIFIER = com.mapabc.SZScreencap;
				PRODUCT_NAME = "$(TARGET_NAME)";
			};
			name = Debug;
		};
		44F0608B1CED6113004EA16D /* Release */ = {
			isa = XCBuildConfiguration;
			buildSettings = {
				ASSETCATALOG_COMPILER_APPICON_NAME = AppIcon;
				INFOPLIST_FILE = SZScreencap/Info.plist;
				LD_RUNPATH_SEARCH_PATHS = "$(inherited) @executable_path/Frameworks";
				PRODUCT_BUNDLE_IDENTIFIER = com.mapabc.SZScreencap;
				PRODUCT_NAME = "$(TARGET_NAME)";
			};
			name = Release;
		};
		44F0608D1CED6113004EA16D /* Debug */ = {
			isa = XCBuildConfiguration;
			buildSettings = {
				BUNDLE_LOADER = "$(TEST_HOST)";
				INFOPLIST_FILE = SZScreencapTests/Info.plist;
				LD_RUNPATH_SEARCH_PATHS = "$(inherited) @executable_path/Frameworks @loader_path/Frameworks";
				PRODUCT_BUNDLE_IDENTIFIER = com.mapabc.SZScreencapTests;
				PRODUCT_NAME = "$(TARGET_NAME)";
				TEST_HOST = "$(BUILT_PRODUCTS_DIR)/SZScreencap.app/SZScreencap";
			};
			name = Debug;
		};
		44F0608E1CED6113004EA16D /* Release */ = {
			isa = XCBuildConfiguration;
			buildSettings = {
				BUNDLE_LOADER = "$(TEST_HOST)";
				INFOPLIST_FILE = SZScreencapTests/Info.plist;
				LD_RUNPATH_SEARCH_PATHS = "$(inherited) @executable_path/Frameworks @loader_path/Frameworks";
				PRODUCT_BUNDLE_IDENTIFIER = com.mapabc.SZScreencapTests;
				PRODUCT_NAME = "$(TARGET_NAME)";
				TEST_HOST = "$(BUILT_PRODUCTS_DIR)/SZScreencap.app/SZScreencap";
			};
			name = Release;
		};
		44F060901CED6113004EA16D /* Debug */ = {
			isa = XCBuildConfiguration;
			buildSettings = {
				INFOPLIST_FILE = SZScreencapUITests/Info.plist;
				LD_RUNPATH_SEARCH_PATHS = "$(inherited) @executable_path/Frameworks @loader_path/Frameworks";
				PRODUCT_BUNDLE_IDENTIFIER = com.mapabc.SZScreencapUITests;
				PRODUCT_NAME = "$(TARGET_NAME)";
				TEST_TARGET_NAME = SZScreencap;
			};
			name = Debug;
		};
		44F060911CED6113004EA16D /* Release */ = {
			isa = XCBuildConfiguration;
			buildSettings = {
				INFOPLIST_FILE = SZScreencapUITests/Info.plist;
				LD_RUNPATH_SEARCH_PATHS = "$(inherited) @executable_path/Frameworks @loader_path/Frameworks";
				PRODUCT_BUNDLE_IDENTIFIER = com.mapabc.SZScreencapUITests;
				PRODUCT_NAME = "$(TARGET_NAME)";
				TEST_TARGET_NAME = SZScreencap;
			};
			name = Release;
		};
/* End XCBuildConfiguration section */

/* Begin XCConfigurationList section */
		44F060571CED6113004EA16D /* Build configuration list for PBXProject "SZScreencap" */ = {
			isa = XCConfigurationList;
			buildConfigurations = (
				44F060871CED6113004EA16D /* Debug */,
				44F060881CED6113004EA16D /* Release */,
			);
			defaultConfigurationIsVisible = 0;
			defaultConfigurationName = Release;
		};
		44F060891CED6113004EA16D /* Build configuration list for PBXNativeTarget "SZScreencap" */ = {
			isa = XCConfigurationList;
			buildConfigurations = (
				44F0608A1CED6113004EA16D /* Debug */,
				44F0608B1CED6113004EA16D /* Release */,
			);
			defaultConfigurationIsVisible = 0;
		};
		44F0608C1CED6113004EA16D /* Build configuration list for PBXNativeTarget "SZScreencapTests" */ = {
			isa = XCConfigurationList;
			buildConfigurations = (
				44F0608D1CED6113004EA16D /* Debug */,
				44F0608E1CED6113004EA16D /* Release */,
			);
			defaultConfigurationIsVisible = 0;
		};
		44F0608F1CED6113004EA16D /* Build configuration list for PBXNativeTarget "SZScreencapUITests" */ = {
			isa = XCConfigurationList;
			buildConfigurations = (
				44F060901CED6113004EA16D /* Debug */,
				44F060911CED6113004EA16D /* Release */,
			);
			defaultConfigurationIsVisible = 0;
		};
/* End XCConfigurationList section */
	};
	rootObject = 44F060541CED6113004EA16D /* Project object */;
}
